
Microsoft Visual Studio Solution File, Format Version 12.00
# Visual Studio 14
VisualStudioVersion = 14.0.25123.0
MinimumVisualStudioVersion = 10.0.40219.1
Project("{2150E333-8FDC-42A3-9474-1A3956D46DE8}") = "src", "src", "{BCC245ED-1238-4974-99C7-8453DF139373}"
EndProject
Project("{2150E333-8FDC-42A3-9474-1A3956D46DE8}") = "Solution Items", "Solution Items", "{36EC996A-E5B0-4CA4-9418-94DBB8133C41}"
	ProjectSection(SolutionItems) = preProject
		global.json = global.json
	EndProjectSection
EndProject
Project("{8BB2217D-0F2D-49D1-97BC-3654ED321F3B}") = "MvcMovie", "src\MvcMovie\MvcMovie.xproj", "{8A8874F1-880E-4711-BB48-C077DDD363D4}"
EndProject
Global
	GlobalSection(SolutionConfigurationPlatforms) = preSolution
		Debug|Any CPU = Debug|Any CPU
		Release|Any CPU = Release|Any CPU
	EndGlobalSection
	GlobalSection(ProjectConfigurationPlatforms) = postSolution
		{8A8874F1-880E-4711-BB48-C077DDD363D4}.Debug|Any CPU.ActiveCfg = Debug|Any CPU
		{8A8874F1-880E-4711-BB48-C077DDD363D4}.Debug|Any CPU.Build.0 = Debug|Any CPU
		{8A8874F1-880E-4711-BB48-C077DDD363D4}.Release|Any CPU.ActiveCfg = Release|Any CPU
		{8A8874F1-880E-4711-BB48-C077DDD363D4}.Release|Any CPU.Build.0 = Release|Any CPU
	EndGlobalSection
	GlobalSection(SolutionProperties) = preSolution
		HideSolutionNode = FALSE
	EndGlobalSection
	GlobalSection(NestedProjects) = preSolution
		{8A8874F1-880E-4711-BB48-C077DDD363D4} = {BCC245ED-1238-4974-99C7-8453DF139373}
	EndGlobalSection
EndGlobal
